
Microsoft Visual Studio Solution File, Format Version 11.00
# Visual Studio 2010
Project("{FAE04EC0-301F-11D3-BF4B-00C04F79EFBC}") = "FryMazing", "Assembly-CSharp.csproj", "{5AE51A3A-395D-ED53-C2BD-CB54D9C9FE7F}"
EndProject
Global
	GlobalSection(SolutionConfigurationPlatforms) = preSolution
		Debug|Any CPU = Debug|Any CPU
		Release|Any CPU = Release|Any CPU
	EndGlobalSection
	GlobalSection(ProjectConfigurationPlatforms) = postSolution
		{5AE51A3A-395D-ED53-C2BD-CB54D9C9FE7F}.Debug|Any CPU.ActiveCfg = Debug|Any CPU
		{5AE51A3A-395D-ED53-C2BD-CB54D9C9FE7F}.Debug|Any CPU.Build.0 = Debug|Any CPU
		{5AE51A3A-395D-ED53-C2BD-CB54D9C9FE7F}.Release|Any CPU.ActiveCfg = Release|Any CPU
		{5AE51A3A-395D-ED53-C2BD-CB54D9C9FE7F}.Release|Any CPU.Build.0 = Release|Any CPU
	EndGlobalSection
	GlobalSection(SolutionProperties) = preSolution
		HideSolutionNode = FALSE
	EndGlobalSection
	GlobalSection(MonoDevelopProperties) = preSolution
		StartupItem = Assembly-CSharp.csproj
	EndGlobalSection
EndGlobal
